
Microsoft Visual Studio Solution File, Format Version 12.00
# Visual Studio Version 17
VisualStudioVersion = 17.0.31903.59
MinimumVisualStudioVersion = 10.0.40219.1
Project("{2150E333-8FDC-42A3-9474-1A3956D46DE8}") = "src", "src", "{12D71321-A7C2-4E0C-832D-2A6606958B5F}"
EndProject
Project("{FAE04EC0-301F-11D3-BF4B-00C04F79EFBC}") = "ErpSolution.Api", "src\ErpSolution.Api\ErpSolution.Api.csproj", "{5C5A99DB-0AED-483D-BE7C-04126DF97954}"
EndProject
Project("{FAE04EC0-301F-11D3-BF4B-00C04F79EFBC}") = "ErpSolution.Domain", "src\ErpSolution.Domain\ErpSolution.Domain.csproj", "{9A176617-0956-48F7-A717-CBA0300444B3}"
EndProject
Project("{FAE04EC0-301F-11D3-BF4B-00C04F79EFBC}") = "ErpSolution.Infrastructure", "src\ErpSolution.Infrastructure\ErpSolution.Infrastructure.csproj", "{0B80AA70-DA24-44FC-A0DE-E68131F37DF8}"
EndProject
Project("{FAE04EC0-301F-11D3-BF4B-00C04F79EFBC}") = "ErpSolution.Application", "src\ErpSolution.Application\ErpSolution.Application.csproj", "{CA833149-21ED-4104-96C0-9559F447760E}"
EndProject
Project("{FAE04EC0-301F-11D3-BF4B-00C04F79EFBC}") = "ErpSolution.IoC", "src\ErpSolution.IoC\ErpSolution.IoC.csproj", "{32C894AB-41F7-4EE8-B6FD-3957D4B5683B}"
EndProject
Global
	GlobalSection(SolutionConfigurationPlatforms) = preSolution
		Debug|Any CPU = Debug|Any CPU
		Release|Any CPU = Release|Any CPU
	EndGlobalSection
	GlobalSection(SolutionProperties) = preSolution
		HideSolutionNode = FALSE
	EndGlobalSection
	GlobalSection(ProjectConfigurationPlatforms) = postSolution
		{5C5A99DB-0AED-483D-BE7C-04126DF97954}.Debug|Any CPU.ActiveCfg = Debug|Any CPU
		{5C5A99DB-0AED-483D-BE7C-04126DF97954}.Debug|Any CPU.Build.0 = Debug|Any CPU
		{5C5A99DB-0AED-483D-BE7C-04126DF97954}.Release|Any CPU.ActiveCfg = Release|Any CPU
		{5C5A99DB-0AED-483D-BE7C-04126DF97954}.Release|Any CPU.Build.0 = Release|Any CPU
		{9A176617-0956-48F7-A717-CBA0300444B3}.Debug|Any CPU.ActiveCfg = Debug|Any CPU
		{9A176617-0956-48F7-A717-CBA0300444B3}.Debug|Any CPU.Build.0 = Debug|Any CPU
		{9A176617-0956-48F7-A717-CBA0300444B3}.Release|Any CPU.ActiveCfg = Release|Any CPU
		{9A176617-0956-48F7-A717-CBA0300444B3}.Release|Any CPU.Build.0 = Release|Any CPU
		{0B80AA70-DA24-44FC-A0DE-E68131F37DF8}.Debug|Any CPU.ActiveCfg = Debug|Any CPU
		{0B80AA70-DA24-44FC-A0DE-E68131F37DF8}.Debug|Any CPU.Build.0 = Debug|Any CPU
		{0B80AA70-DA24-44FC-A0DE-E68131F37DF8}.Release|Any CPU.ActiveCfg = Release|Any CPU
		{0B80AA70-DA24-44FC-A0DE-E68131F37DF8}.Release|Any CPU.Build.0 = Release|Any CPU
		{CA833149-21ED-4104-96C0-9559F447760E}.Debug|Any CPU.ActiveCfg = Debug|Any CPU
		{CA833149-21ED-4104-96C0-9559F447760E}.Debug|Any CPU.Build.0 = Debug|Any CPU
		{CA833149-21ED-4104-96C0-9559F447760E}.Release|Any CPU.ActiveCfg = Release|Any CPU
		{CA833149-21ED-4104-96C0-9559F447760E}.Release|Any CPU.Build.0 = Release|Any CPU
		{32C894AB-41F7-4EE8-B6FD-3957D4B5683B}.Debug|Any CPU.ActiveCfg = Debug|Any CPU
		{32C894AB-41F7-4EE8-B6FD-3957D4B5683B}.Debug|Any CPU.Build.0 = Debug|Any CPU
		{32C894AB-41F7-4EE8-B6FD-3957D4B5683B}.Release|Any CPU.ActiveCfg = Release|Any CPU
		{32C894AB-41F7-4EE8-B6FD-3957D4B5683B}.Release|Any CPU.Build.0 = Release|Any CPU
	EndGlobalSection
	GlobalSection(NestedProjects) = preSolution
		{5C5A99DB-0AED-483D-BE7C-04126DF97954} = {12D71321-A7C2-4E0C-832D-2A6606958B5F}
		{9A176617-0956-48F7-A717-CBA0300444B3} = {12D71321-A7C2-4E0C-832D-2A6606958B5F}
		{0B80AA70-DA24-44FC-A0DE-E68131F37DF8} = {12D71321-A7C2-4E0C-832D-2A6606958B5F}
		{CA833149-21ED-4104-96C0-9559F447760E} = {12D71321-A7C2-4E0C-832D-2A6606958B5F}
		{32C894AB-41F7-4EE8-B6FD-3957D4B5683B} = {12D71321-A7C2-4E0C-832D-2A6606958B5F}
	EndGlobalSection
EndGlobal
